// !$*UTF8*$!
{
	archiveVersion = 1;
	classes = {
	};
	objectVersion = 56;
	objects = {

/* Begin PBXBuildFile section */
		B6E06C312B9F80F4009616EE /* main.cpp in Sources */ = {isa = PBXBuildFile; fileRef = B6E06C302B9F80F4009616EE /* main.cpp */; };
		B6E06C3C2B9F8332009616EE /* HashTable.cpp in Sources */ = {isa = PBXBuildFile; fileRef = B6E06C3A2B9F8332009616EE /* HashTable.cpp */; };
		B6E06C3F2B9F8368009616EE /* MyMalloc.cpp in Sources */ = {isa = PBXBuildFile; fileRef = B6E06C3D2B9F8368009616EE /* MyMalloc.cpp */; };
		B6E06C422B9FA6B4009616EE /* Tests.cpp in Sources */ = {isa = PBXBuildFile; fileRef = B6E06C402B9FA6B4009616EE /* Tests.cpp */; };
/* End PBXBuildFile section */

/* Begin PBXCopyFilesBuildPhase section */
		B6E06C2B2B9F80F4009616EE /* CopyFiles */ = {
			isa = PBXCopyFilesBuildPhase;
			buildActionMask = 2147483647;
			dstPath = /usr/share/man/man1/;
			dstSubfolderSpec = 0;
			files = (
			);
			runOnlyForDeploymentPostprocessing = 1;
		};
/* End PBXCopyFilesBuildPhase section */

/* Begin PBXFileReference section */
		B6E06C2D2B9F80F4009616EE /* A4_MallocReplacement */ = {isa = PBXFileReference; explicitFileType = "compiled.mach-o.executable"; includeInIndex = 0; path = A4_MallocReplacement; sourceTree = BUILT_PRODUCTS_DIR; };
		B6E06C302B9F80F4009616EE /* main.cpp */ = {isa = PBXFileReference; lastKnownFileType = sourcecode.cpp.cpp; path = main.cpp; sourceTree = "<group>"; };
		B6E06C3A2B9F8332009616EE /* HashTable.cpp */ = {isa = PBXFileReference; lastKnownFileType = sourcecode.cpp.cpp; path = HashTable.cpp; sourceTree = "<group>"; };
		B6E06C3B2B9F8332009616EE /* HashTable.hpp */ = {isa = PBXFileReference; lastKnownFileType = sourcecode.cpp.h; path = HashTable.hpp; sourceTree = "<group>"; };
		B6E06C3D2B9F8368009616EE /* MyMalloc.cpp */ = {isa = PBXFileReference; lastKnownFileType = sourcecode.cpp.cpp; path = MyMalloc.cpp; sourceTree = "<group>"; };
		B6E06C3E2B9F8368009616EE /* MyMalloc.hpp */ = {isa = PBXFileReference; lastKnownFileType = sourcecode.cpp.h; path = MyMalloc.hpp; sourceTree = "<group>"; };
		B6E06C402B9FA6B4009616EE /* Tests.cpp */ = {isa = PBXFileReference; lastKnownFileType = sourcecode.cpp.cpp; path = Tests.cpp; sourceTree = "<group>"; };
/* End PBXFileReference section */

/* Begin PBXFrameworksBuildPhase section */
		B6E06C2A2B9F80F4009616EE /* Frameworks */ = {
			isa = PBXFrameworksBuildPhase;
			buildActionMask = 2147483647;
			files = (
			);
			runOnlyForDeploymentPostprocessing = 0;
		};
/* End PBXFrameworksBuildPhase section */

/* Begin PBXGroup section */
		B6E06C242B9F80F4009616EE = {
			isa = PBXGroup;
			children = (
				B6E06C2F2B9F80F4009616EE /* A4_MallocReplacement */,
				B6E06C2E2B9F80F4009616EE /* Products */,
			);
			sourceTree = "<group>";
		};
		B6E06C2E2B9F80F4009616EE /* Products */ = {
			isa = PBXGroup;
			children = (
				B6E06C2D2B9F80F4009616EE /* A4_MallocReplacement */,
			);
			name = Products;
			sourceTree = "<group>";
		};
		B6E06C2F2B9F80F4009616EE /* A4_MallocReplacement */ = {
			isa = PBXGroup;
			children = (
				B6E06C302B9F80F4009616EE /* main.cpp */,
				B6E06C3A2B9F8332009616EE /* HashTable.cpp */,
				B6E06C3B2B9F8332009616EE /* HashTable.hpp */,
				B6E06C3D2B9F8368009616EE /* MyMalloc.cpp */,
				B6E06C3E2B9F8368009616EE /* MyMalloc.hpp */,
				B6E06C402B9FA6B4009616EE /* Tests.cpp */,
			);
			path = A4_MallocReplacement;
			sourceTree = "<group>";
		};
/* End PBXGroup section */

/* Begin PBXNativeTarget section */
		B6E06C2C2B9F80F4009616EE /* A4_MallocReplacement */ = {
			isa = PBXNativeTarget;
			buildConfigurationList = B6E06C342B9F80F4009616EE /* Build configuration list for PBXNativeTarget "A4_MallocReplacement" */;
			buildPhases = (
				B6E06C292B9F80F4009616EE /* Sources */,
				B6E06C2A2B9F80F4009616EE /* Frameworks */,
				B6E06C2B2B9F80F4009616EE /* CopyFiles */,
			);
			buildRules = (
			);
			dependencies = (
			);
			name = A4_MallocReplacement;
			productName = A4_MallocReplacement;
			productReference = B6E06C2D2B9F80F4009616EE /* A4_MallocReplacement */;
			productType = "com.apple.product-type.tool";
		};
/* End PBXNativeTarget section */

/* Begin PBXProject section */
		B6E06C252B9F80F4009616EE /* Project object */ = {
			isa = PBXProject;
			attributes = {
				BuildIndependentTargetsInParallel = 1;
				LastUpgradeCheck = 1430;
				TargetAttributes = {
					B6E06C2C2B9F80F4009616EE = {
						CreatedOnToolsVersion = 14.3.1;
					};
				};
			};
			buildConfigurationList = B6E06C282B9F80F4009616EE /* Build configuration list for PBXProject "A4_MallocReplacement" */;
			compatibilityVersion = "Xcode 14.0";
			developmentRegion = en;
			hasScannedForEncodings = 0;
			knownRegions = (
				en,
				Base,
			);
			mainGroup = B6E06C242B9F80F4009616EE;
			productRefGroup = B6E06C2E2B9F80F4009616EE /* Products */;
			projectDirPath = "";
			projectRoot = "";
			targets = (
				B6E06C2C2B9F80F4009616EE /* A4_MallocReplacement */,
			);
		};
/* End PBXProject section */

/* Begin PBXSourcesBuildPhase section */
		B6E06C292B9F80F4009616EE /* Sources */ = {
			isa = PBXSourcesBuildPhase;
			buildActionMask = 2147483647;
			files = (
				B6E06C312B9F80F4009616EE /* main.cpp in Sources */,
				B6E06C422B9FA6B4009616EE /* Tests.cpp in Sources */,
				B6E06C3C2B9F8332009616EE /* HashTable.cpp in Sources */,
				B6E06C3F2B9F8368009616EE /* MyMalloc.cpp in Sources */,
			);
			runOnlyForDeploymentPostprocessing = 0;
		};
/* End PBXSourcesBuildPhase section */

/* Begin XCBuildConfiguration section */
		B6E06C322B9F80F4009616EE /* Debug */ = {
			isa = XCBuildConfiguration;
			buildSettings = {
				ALWAYS_SEARCH_USER_PATHS = NO;
				CLANG_ANALYZER_NONNULL = YES;
				CLANG_ANALYZER_NUMBER_OBJECT_CONVERSION = YES_AGGRESSIVE;
				CLANG_CXX_LANGUAGE_STANDARD = "gnu++20";
				CLANG_ENABLE_MODULES = YES;
				CLANG_ENABLE_OBJC_ARC = YES;
				CLANG_ENABLE_OBJC_WEAK = YES;
				CLANG_WARN_BLOCK_CAPTURE_AUTORELEASING = YES;
				CLANG_WARN_BOOL_CONVERSION = YES;
				CLANG_WARN_COMMA = YES;
				CLANG_WARN_CONSTANT_CONVERSION = YES;
				CLANG_WARN_DEPRECATED_OBJC_IMPLEMENTATIONS = YES;
				CLANG_WARN_DIRECT_OBJC_ISA_USAGE = YES_ERROR;
				CLANG_WARN_DOCUMENTATION_COMMENTS = YES;
				CLANG_WARN_EMPTY_BODY = YES;
				CLANG_WARN_ENUM_CONVERSION = YES;
				CLANG_WARN_INFINITE_RECURSION = YES;
				CLANG_WARN_INT_CONVERSION = YES;
				CLANG_WARN_NON_LITERAL_NULL_CONVERSION = YES;
				CLANG_WARN_OBJC_IMPLICIT_RETAIN_SELF = YES;
				CLANG_WARN_OBJC_LITERAL_CONVERSION = YES;
				CLANG_WARN_OBJC_ROOT_CLASS = YES_ERROR;
				CLANG_WARN_QUOTED_INCLUDE_IN_FRAMEWORK_HEADER = YES;
				CLANG_WARN_RANGE_LOOP_ANALYSIS = YES;
				CLANG_WARN_STRICT_PROTOTYPES = YES;
				CLANG_WARN_SUSPICIOUS_MOVE = YES;
				CLANG_WARN_UNGUARDED_AVAILABILITY = YES_AGGRESSIVE;
				CLANG_WARN_UNREACHABLE_CODE = YES;
				CLANG_WARN__DUPLICATE_METHOD_MATCH = YES;
				COPY_PHASE_STRIP = NO;
				DEBUG_INFORMATION_FORMAT = dwarf;
				ENABLE_STRICT_OBJC_MSGSEND = YES;
				ENABLE_TESTABILITY = YES;
				GCC_C_LANGUAGE_STANDARD = gnu11;
				GCC_DYNAMIC_NO_PIC = NO;
				GCC_NO_COMMON_BLOCKS = YES;
				GCC_OPTIMIZATION_LEVEL = 0;
				GCC_PREPROCESSOR_DEFINITIONS = (
					"DEBUG=1",
					"$(inherited)",
				);
				GCC_WARN_64_TO_32_BIT_CONVERSION = YES;
				GCC_WARN_ABOUT_RETURN_TYPE = YES_ERROR;
				GCC_WARN_UNDECLARED_SELECTOR = YES;
				GCC_WARN_UNINITIALIZED_AUTOS = YES_AGGRESSIVE;
				GCC_WARN_UNUSED_FUNCTION = YES;
				GCC_WARN_UNUSED_VARIABLE = YES;
				MACOSX_DEPLOYMENT_TARGET = 13.3;
				MTL_ENABLE_DEBUG_INFO = INCLUDE_SOURCE;
				MTL_FAST_MATH = YES;
				ONLY_ACTIVE_ARCH = YES;
				SDKROOT = macosx;
			};
			name = Debug;
		};
		B6E06C332B9F80F4009616EE /* Release */ = {
			isa = XCBuildConfiguration;
			buildSettings = {
				ALWAYS_SEARCH_USER_PATHS = NO;
				CLANG_ANALYZER_NONNULL = YES;
				CLANG_ANALYZER_NUMBER_OBJECT_CONVERSION = YES_AGGRESSIVE;
				CLANG_CXX_LANGUAGE_STANDARD = "gnu++20";
				CLANG_ENABLE_MODULES = YES;
				CLANG_ENABLE_OBJC_ARC = YES;
				CLANG_ENABLE_OBJC_WEAK = YES;
				CLANG_WARN_BLOCK_CAPTURE_AUTORELEASING = YES;
				CLANG_WARN_BOOL_CONVERSION = YES;
				CLANG_WARN_COMMA = YES;
				CLANG_WARN_CONSTANT_CONVERSION = YES;
				CLANG_WARN_DEPRECATED_OBJC_IMPLEMENTATIONS = YES;
				CLANG_WARN_DIRECT_OBJC_ISA_USAGE = YES_ERROR;
				CLANG_WARN_DOCUMENTATION_COMMENTS = YES;
				CLANG_WARN_EMPTY_BODY = YES;
				CLANG_WARN_ENUM_CONVERSION = YES;
				CLANG_WARN_INFINITE_RECURSION = YES;
				CLANG_WARN_INT_CONVERSION = YES;
				CLANG_WARN_NON_LITERAL_NULL_CONVERSION = YES;
				CLANG_WARN_OBJC_IMPLICIT_RETAIN_SELF = YES;
				CLANG_WARN_OBJC_LITERAL_CONVERSION = YES;
				CLANG_WARN_OBJC_ROOT_CLASS = YES_ERROR;
				CLANG_WARN_QUOTED_INCLUDE_IN_FRAMEWORK_HEADER = YES;
				CLANG_WARN_RANGE_LOOP_ANALYSIS = YES;
				CLANG_WARN_STRICT_PROTOTYPES = YES;
				CLANG_WARN_SUSPICIOUS_MOVE = YES;
				CLANG_WARN_UNGUARDED_AVAILABILITY = YES_AGGRESSIVE;
				CLANG_WARN_UNREACHABLE_CODE = YES;
				CLANG_WARN__DUPLICATE_METHOD_MATCH = YES;
				COPY_PHASE_STRIP = NO;
				DEBUG_INFORMATION_FORMAT = "dwarf-with-dsym";
				ENABLE_NS_ASSERTIONS = NO;
				ENABLE_STRICT_OBJC_MSGSEND = YES;
				GCC_C_LANGUAGE_STANDARD = gnu11;
				GCC_NO_COMMON_BLOCKS = YES;
				GCC_WARN_64_TO_32_BIT_CONVERSION = YES;
				GCC_WARN_ABOUT_RETURN_TYPE = YES_ERROR;
				GCC_WARN_UNDECLARED_SELECTOR = YES;
				GCC_WARN_UNINITIALIZED_AUTOS = YES_AGGRESSIVE;
				GCC_WARN_UNUSED_FUNCTION = YES;
				GCC_WARN_UNUSED_VARIABLE = YES;
				MACOSX_DEPLOYMENT_TARGET = 13.3;
				MTL_ENABLE_DEBUG_INFO = NO;
				MTL_FAST_MATH = YES;
				SDKROOT = macosx;
			};
			name = Release;
		};
		B6E06C352B9F80F4009616EE /* Debug */ = {
			isa = XCBuildConfiguration;
			buildSettings = {
				CODE_SIGN_STYLE = Automatic;
				PRODUCT_NAME = "$(TARGET_NAME)";
			};
			name = Debug;
		};
		B6E06C362B9F80F4009616EE /* Release */ = {
			isa = XCBuildConfiguration;
			buildSettings = {
				CODE_SIGN_STYLE = Automatic;
				PRODUCT_NAME = "$(TARGET_NAME)";
			};
			name = Release;
		};
/* End XCBuildConfiguration section */

/* Begin XCConfigurationList section */
		B6E06C282B9F80F4009616EE /* Build configuration list for PBXProject "A4_MallocReplacement" */ = {
			isa = XCConfigurationList;
			buildConfigurations = (
				B6E06C322B9F80F4009616EE /* Debug */,
				B6E06C332B9F80F4009616EE /* Release */,
			);
			defaultConfigurationIsVisible = 0;
			defaultConfigurationName = Release;
		};
		B6E06C342B9F80F4009616EE /* Build configuration list for PBXNativeTarget "A4_MallocReplacement" */ = {
			isa = XCConfigurationList;
			buildConfigurations = (
				B6E06C352B9F80F4009616EE /* Debug */,
				B6E06C362B9F80F4009616EE /* Release */,
			);
			defaultConfigurationIsVisible = 0;
			defaultConfigurationName = Release;
		};
/* End XCConfigurationList section */
	};
	rootObject = B6E06C252B9F80F4009616EE /* Project object */;
}
